
Microsoft Visual Studio Solution File, Format Version 12.00
# Visual Studio 15
VisualStudioVersion = 15.0.26430.16
MinimumVisualStudioVersion = 10.0.40219.1
Project("{FAE04EC0-301F-11D3-BF4B-00C04F79EFBC}") = "CarDepot", "CarDepot.csproj", "{1FC39AED-1669-4B38-A441-BC7C204F6309}"
EndProject
Project("{2150E333-8FDC-42A3-9474-1A3956D46DE8}") = "Solution Items", "Solution Items", "{04DAA892-64FC-439E-9800-CD0CDE5EFA81}"
EndProject
Global
	GlobalSection(SolutionConfigurationPlatforms) = preSolution
		Debug|Any CPU = Debug|Any CPU
		Debug|x86 = Debug|x86
		Release|Any CPU = Release|Any CPU
		Release|x86 = Release|x86
	EndGlobalSection
	GlobalSection(ProjectConfigurationPlatforms) = postSolution
		{1FC39AED-1669-4B38-A441-BC7C204F6309}.Debug|Any CPU.ActiveCfg = Debug|x86
		{1FC39AED-1669-4B38-A441-BC7C204F6309}.Debug|Any CPU.Build.0 = Debug|x86
		{1FC39AED-1669-4B38-A441-BC7C204F6309}.Debug|x86.ActiveCfg = Debug|x86
		{1FC39AED-1669-4B38-A441-BC7C204F6309}.Debug|x86.Build.0 = Debug|x86
		{1FC39AED-1669-4B38-A441-BC7C204F6309}.Release|Any CPU.ActiveCfg = Release|Any CPU
		{1FC39AED-1669-4B38-A441-BC7C204F6309}.Release|Any CPU.Build.0 = Release|Any CPU
		{1FC39AED-1669-4B38-A441-BC7C204F6309}.Release|x86.ActiveCfg = Release|x86
		{1FC39AED-1669-4B38-A441-BC7C204F6309}.Release|x86.Build.0 = Release|x86
	EndGlobalSection
	GlobalSection(SolutionProperties) = preSolution
		HideSolutionNode = FALSE
	EndGlobalSection
EndGlobal
